
Microsoft Visual Studio Solution File, Format Version 12.00
# Visual Studio Version 16
VisualStudioVersion = 16.0.32106.194
MinimumVisualStudioVersion = 10.0.40219.1
Project("{9A19103F-16F7-4668-BE54-9A1E7A4F7556}") = "Coach_Travel_Web_App", "Coach_Travel_Web_App\Coach_Travel_Web_App.csproj", "{0B64DCEF-A6DA-4064-B745-579291977C58}"
EndProject
Project("{9A19103F-16F7-4668-BE54-9A1E7A4F7556}") = "EntityLayer", "EntityLayer\EntityLayer.csproj", "{20E27426-113C-47EE-BFE5-6619CC98CE87}"
EndProject
Project("{9A19103F-16F7-4668-BE54-9A1E7A4F7556}") = "DAL", "DAL\DAL.csproj", "{F66D94E9-0AA8-4240-8F24-CC0B789350EF}"
EndProject
Project("{9A19103F-16F7-4668-BE54-9A1E7A4F7556}") = "BusinessLayer", "BusinessLayer\BusinessLayer.csproj", "{05C82BCA-68EB-40C2-8DF3-EE1E595F9C11}"
EndProject
Project("{FAE04EC0-301F-11D3-BF4B-00C04F79EFBC}") = "CoreLayer", "CoreLayer\CoreLayer.csproj", "{925D84FB-17C0-40E6-9789-69727D7DE193}"
EndProject
Global
	GlobalSection(SolutionConfigurationPlatforms) = preSolution
		Debug|Any CPU = Debug|Any CPU
		Release|Any CPU = Release|Any CPU
	EndGlobalSection
	GlobalSection(ProjectConfigurationPlatforms) = postSolution
		{0B64DCEF-A6DA-4064-B745-579291977C58}.Debug|Any CPU.ActiveCfg = Debug|Any CPU
		{0B64DCEF-A6DA-4064-B745-579291977C58}.Debug|Any CPU.Build.0 = Debug|Any CPU
		{0B64DCEF-A6DA-4064-B745-579291977C58}.Release|Any CPU.ActiveCfg = Release|Any CPU
		{0B64DCEF-A6DA-4064-B745-579291977C58}.Release|Any CPU.Build.0 = Release|Any CPU
		{20E27426-113C-47EE-BFE5-6619CC98CE87}.Debug|Any CPU.ActiveCfg = Debug|Any CPU
		{20E27426-113C-47EE-BFE5-6619CC98CE87}.Debug|Any CPU.Build.0 = Debug|Any CPU
		{20E27426-113C-47EE-BFE5-6619CC98CE87}.Release|Any CPU.ActiveCfg = Release|Any CPU
		{20E27426-113C-47EE-BFE5-6619CC98CE87}.Release|Any CPU.Build.0 = Release|Any CPU
		{F66D94E9-0AA8-4240-8F24-CC0B789350EF}.Debug|Any CPU.ActiveCfg = Debug|Any CPU
		{F66D94E9-0AA8-4240-8F24-CC0B789350EF}.Debug|Any CPU.Build.0 = Debug|Any CPU
		{F66D94E9-0AA8-4240-8F24-CC0B789350EF}.Release|Any CPU.ActiveCfg = Release|Any CPU
		{F66D94E9-0AA8-4240-8F24-CC0B789350EF}.Release|Any CPU.Build.0 = Release|Any CPU
		{05C82BCA-68EB-40C2-8DF3-EE1E595F9C11}.Debug|Any CPU.ActiveCfg = Debug|Any CPU
		{05C82BCA-68EB-40C2-8DF3-EE1E595F9C11}.Debug|Any CPU.Build.0 = Debug|Any CPU
		{05C82BCA-68EB-40C2-8DF3-EE1E595F9C11}.Release|Any CPU.ActiveCfg = Release|Any CPU
		{05C82BCA-68EB-40C2-8DF3-EE1E595F9C11}.Release|Any CPU.Build.0 = Release|Any CPU
		{925D84FB-17C0-40E6-9789-69727D7DE193}.Debug|Any CPU.ActiveCfg = Debug|Any CPU
		{925D84FB-17C0-40E6-9789-69727D7DE193}.Debug|Any CPU.Build.0 = Debug|Any CPU
		{925D84FB-17C0-40E6-9789-69727D7DE193}.Release|Any CPU.ActiveCfg = Release|Any CPU
		{925D84FB-17C0-40E6-9789-69727D7DE193}.Release|Any CPU.Build.0 = Release|Any CPU
	EndGlobalSection
	GlobalSection(SolutionProperties) = preSolution
		HideSolutionNode = FALSE
	EndGlobalSection
	GlobalSection(ExtensibilityGlobals) = postSolution
		SolutionGuid = {44C5EAF3-72F4-4C58-9AA3-26A499102DCB}
	EndGlobalSection
EndGlobal
